{
  "name": "pools-contact",
  "version": "1.0.0",
  "lockfileVersion": 2,
  "requires": true,
  "packages": {
    "": {
      "name": "pools-contact",
      "version": "1.0.0",
      "license": "ISC",
      "dependencies": {
        "@cloudflare/pages-plugin-mailchannels": "^0.1.0"
      }
    },
    "node_modules/@cloudflare/pages-plugin-mailchannels": {
      "version": "0.1.0",
      "resolved": "https://registry.npmjs.org/@cloudflare/pages-plugin-mailchannels/-/pages-plugin-mailchannels-0.1.0.tgz",
      "integrity": "sha512-VSXENKIKMg0g2Q0BXaPSyPx7A7HgMm2Yq5TKuLTMNJCMtCjtZFNJkje/alFWrAYf833exRvSEEPL/z5IKCN01w=="
    }
  },
  "dependencies": {
    "@cloudflare/pages-plugin-mailchannels": {
      "version": "0.1.0",
      "resolved": "https://registry.npmjs.org/@cloudflare/pages-plugin-mailchannels/-/pages-plugin-mailchannels-0.1.0.tgz",
      "integrity": "sha512-VSXENKIKMg0g2Q0BXaPSyPx7A7HgMm2Yq5TKuLTMNJCMtCjtZFNJkje/alFWrAYf833exRvSEEPL/z5IKCN01w=="
    }
  }
}
